
Microsoft Visual Studio Solution File, Format Version 12.00
# Visual Studio 15
Project("{FAE04EC0-301F-11D3-BF4B-00C04F79EFBC}") = "HotFix", "HotFix.csproj", "{D421F3CE-B2CC-75CC-49D7-E057BA15C918}"
EndProject
Project("{FAE04EC0-301F-11D3-BF4B-00C04F79EFBC}") = "Main", "Main.csproj", "{7F59552A-1D4C-EC55-495A-2641520E751B}"
EndProject
Global
	GlobalSection(SolutionConfigurationPlatforms) = preSolution
		Debug|Any CPU = Debug|Any CPU
		Release|Any CPU = Release|Any CPU
	EndGlobalSection
	GlobalSection(ProjectConfigurationPlatforms) = postSolution
		{D421F3CE-B2CC-75CC-49D7-E057BA15C918}.Debug|Any CPU.ActiveCfg = Debug|Any CPU
		{D421F3CE-B2CC-75CC-49D7-E057BA15C918}.Debug|Any CPU.Build.0 = Debug|Any CPU
		{D421F3CE-B2CC-75CC-49D7-E057BA15C918}.Release|Any CPU.ActiveCfg = Release|Any CPU
		{D421F3CE-B2CC-75CC-49D7-E057BA15C918}.Release|Any CPU.Build.0 = Release|Any CPU
		{7F59552A-1D4C-EC55-495A-2641520E751B}.Debug|Any CPU.ActiveCfg = Debug|Any CPU
		{7F59552A-1D4C-EC55-495A-2641520E751B}.Debug|Any CPU.Build.0 = Debug|Any CPU
		{7F59552A-1D4C-EC55-495A-2641520E751B}.Release|Any CPU.ActiveCfg = Release|Any CPU
		{7F59552A-1D4C-EC55-495A-2641520E751B}.Release|Any CPU.Build.0 = Release|Any CPU
	EndGlobalSection
	GlobalSection(SolutionProperties) = preSolution
		HideSolutionNode = FALSE
	EndGlobalSection
EndGlobal
